// !$*UTF8*$!
{
	archiveVersion = 1;
	classes = {
	};
	objectVersion = 50;
	objects = {

/* Begin PBXBuildFile section */
		2D9A16017EA0519E2C9F7466 /* Pods_MyTelusGraphDemo.framework in Frameworks */ = {isa = PBXBuildFile; fileRef = 1F3DC872192196CC16709355 /* Pods_MyTelusGraphDemo.framework */; };
		4429438921D5EC6A00DB6804 /* LineGraphData.swift in Sources */ = {isa = PBXBuildFile; fileRef = 4429438821D5EC6A00DB6804 /* LineGraphData.swift */; };
		443455F521DFBD8C00A91FBF /* CustomGraphsViewController.swift in Sources */ = {isa = PBXBuildFile; fileRef = 443455F421DFBD8C00A91FBF /* CustomGraphsViewController.swift */; };
		443455F721DFBECD00A91FBF /* LibraryGraphsViewController.swift in Sources */ = {isa = PBXBuildFile; fileRef = 443455F621DFBECD00A91FBF /* LibraryGraphsViewController.swift */; };
		443E778221E4E7C8008CE962 /* MaskingView.swift in Sources */ = {isa = PBXBuildFile; fileRef = 443E778121E4E7C8008CE962 /* MaskingView.swift */; };
		443E778421E52BDF008CE962 /* LineGraph.swift in Sources */ = {isa = PBXBuildFile; fileRef = 44BB602321CD6A2800C7068A /* LineGraph.swift */; };
		44BB5FD921CD4F3100C7068A /* AppDelegate.swift in Sources */ = {isa = PBXBuildFile; fileRef = 44BB5FD821CD4F3100C7068A /* AppDelegate.swift */; };
		44BB5FDE21CD4F3100C7068A /* Main.storyboard in Resources */ = {isa = PBXBuildFile; fileRef = 44BB5FDC21CD4F3100C7068A /* Main.storyboard */; };
		44BB5FE021CD4F3200C7068A /* Assets.xcassets in Resources */ = {isa = PBXBuildFile; fileRef = 44BB5FDF21CD4F3200C7068A /* Assets.xcassets */; };
		44BB5FE321CD4F3200C7068A /* LaunchScreen.storyboard in Resources */ = {isa = PBXBuildFile; fileRef = 44BB5FE121CD4F3200C7068A /* LaunchScreen.storyboard */; };
		44BB5FEE21CD4F3200C7068A /* MyTelusGraphDemoTests.swift in Sources */ = {isa = PBXBuildFile; fileRef = 44BB5FED21CD4F3200C7068A /* MyTelusGraphDemoTests.swift */; };
		44BB5FF921CD4F3200C7068A /* MyTelusGraphDemoUITests.swift in Sources */ = {isa = PBXBuildFile; fileRef = 44BB5FF821CD4F3200C7068A /* MyTelusGraphDemoUITests.swift */; };
		44BB601021CD4FE100C7068A /* HorizontalAxisView.xib in Resources */ = {isa = PBXBuildFile; fileRef = 44BB600D21CD4FE100C7068A /* HorizontalAxisView.xib */; };
		44BB601121CD4FE100C7068A /* GraphView.xib in Resources */ = {isa = PBXBuildFile; fileRef = 44BB600E21CD4FE100C7068A /* GraphView.xib */; };
		44BB601221CD4FE100C7068A /* VerticalAxisView.xib in Resources */ = {isa = PBXBuildFile; fileRef = 44BB600F21CD4FE100C7068A /* VerticalAxisView.xib */; };
		44BB601421CD501B00C7068A /* ViewExtensions.swift in Sources */ = {isa = PBXBuildFile; fileRef = 44BB601321CD501B00C7068A /* ViewExtensions.swift */; };
		44BB601C21CD505500C7068A /* GridView.swift in Sources */ = {isa = PBXBuildFile; fileRef = 44BB601621CD505400C7068A /* GridView.swift */; };
		44BB601D21CD505500C7068A /* DrawableView.swift in Sources */ = {isa = PBXBuildFile; fileRef = 44BB601721CD505400C7068A /* DrawableView.swift */; };
		44BB601E21CD505500C7068A /* GraphView.swift in Sources */ = {isa = PBXBuildFile; fileRef = 44BB601821CD505500C7068A /* GraphView.swift */; };
		44BB601F21CD505500C7068A /* HorizontalAxisView.swift in Sources */ = {isa = PBXBuildFile; fileRef = 44BB601921CD505500C7068A /* HorizontalAxisView.swift */; };
		44BB602221CD513900C7068A /* VerticalAxisView.swift in Sources */ = {isa = PBXBuildFile; fileRef = 44BB602121CD513900C7068A /* VerticalAxisView.swift */; };
		44BB602721CD6ACA00C7068A /* LineGraphAxisConfig.swift in Sources */ = {isa = PBXBuildFile; fileRef = 44BB602621CD6ACA00C7068A /* LineGraphAxisConfig.swift */; };
		44BB602921CE002F00C7068A /* CustomView.swift in Sources */ = {isa = PBXBuildFile; fileRef = 44BB602821CE002F00C7068A /* CustomView.swift */; };
		44DEC06921D4A0C50001C7CE /* AxisView.swift in Sources */ = {isa = PBXBuildFile; fileRef = 44DEC06821D4A0C50001C7CE /* AxisView.swift */; };
		44DEC06C21D4A2230001C7CE /* Enums.swift in Sources */ = {isa = PBXBuildFile; fileRef = 44DEC06B21D4A2230001C7CE /* Enums.swift */; };
/* End PBXBuildFile section */

/* Begin PBXContainerItemProxy section */
		44BB5FEA21CD4F3200C7068A /* PBXContainerItemProxy */ = {
			isa = PBXContainerItemProxy;
			containerPortal = 44BB5FCD21CD4F3100C7068A /* Project object */;
			proxyType = 1;
			remoteGlobalIDString = 44BB5FD421CD4F3100C7068A;
			remoteInfo = MyTelusGraphDemo;
		};
		44BB5FF521CD4F3200C7068A /* PBXContainerItemProxy */ = {
			isa = PBXContainerItemProxy;
			containerPortal = 44BB5FCD21CD4F3100C7068A /* Project object */;
			proxyType = 1;
			remoteGlobalIDString = 44BB5FD421CD4F3100C7068A;
			remoteInfo = MyTelusGraphDemo;
		};
/* End PBXContainerItemProxy section */

/* Begin PBXFileReference section */
		1F3DC872192196CC16709355 /* Pods_MyTelusGraphDemo.framework */ = {isa = PBXFileReference; explicitFileType = wrapper.framework; includeInIndex = 0; path = Pods_MyTelusGraphDemo.framework; sourceTree = BUILT_PRODUCTS_DIR; };
		4429438821D5EC6A00DB6804 /* LineGraphData.swift */ = {isa = PBXFileReference; lastKnownFileType = sourcecode.swift; path = LineGraphData.swift; sourceTree = "<group>"; };
		443455F421DFBD8C00A91FBF /* CustomGraphsViewController.swift */ = {isa = PBXFileReference; lastKnownFileType = sourcecode.swift; path = CustomGraphsViewController.swift; sourceTree = "<group>"; };
		443455F621DFBECD00A91FBF /* LibraryGraphsViewController.swift */ = {isa = PBXFileReference; lastKnownFileType = sourcecode.swift; path = LibraryGraphsViewController.swift; sourceTree = "<group>"; };
		443E778121E4E7C8008CE962 /* MaskingView.swift */ = {isa = PBXFileReference; lastKnownFileType = sourcecode.swift; path = MaskingView.swift; sourceTree = "<group>"; };
		44BB5FD521CD4F3100C7068A /* MyTelusGraphDemo.app */ = {isa = PBXFileReference; explicitFileType = wrapper.application; includeInIndex = 0; path = MyTelusGraphDemo.app; sourceTree = BUILT_PRODUCTS_DIR; };
		44BB5FD821CD4F3100C7068A /* AppDelegate.swift */ = {isa = PBXFileReference; lastKnownFileType = sourcecode.swift; path = AppDelegate.swift; sourceTree = "<group>"; };
		44BB5FDD21CD4F3100C7068A /* Base */ = {isa = PBXFileReference; lastKnownFileType = file.storyboard; name = Base; path = Base.lproj/Main.storyboard; sourceTree = "<group>"; };
		44BB5FDF21CD4F3200C7068A /* Assets.xcassets */ = {isa = PBXFileReference; lastKnownFileType = folder.assetcatalog; path = Assets.xcassets; sourceTree = "<group>"; };
		44BB5FE221CD4F3200C7068A /* Base */ = {isa = PBXFileReference; lastKnownFileType = file.storyboard; name = Base; path = Base.lproj/LaunchScreen.storyboard; sourceTree = "<group>"; };
		44BB5FE421CD4F3200C7068A /* Info.plist */ = {isa = PBXFileReference; lastKnownFileType = text.plist.xml; path = Info.plist; sourceTree = "<group>"; };
		44BB5FE921CD4F3200C7068A /* MyTelusGraphDemoTests.xctest */ = {isa = PBXFileReference; explicitFileType = wrapper.cfbundle; includeInIndex = 0; path = MyTelusGraphDemoTests.xctest; sourceTree = BUILT_PRODUCTS_DIR; };
		44BB5FED21CD4F3200C7068A /* MyTelusGraphDemoTests.swift */ = {isa = PBXFileReference; lastKnownFileType = sourcecode.swift; path = MyTelusGraphDemoTests.swift; sourceTree = "<group>"; };
		44BB5FEF21CD4F3200C7068A /* Info.plist */ = {isa = PBXFileReference; lastKnownFileType = text.plist.xml; path = Info.plist; sourceTree = "<group>"; };
		44BB5FF421CD4F3200C7068A /* MyTelusGraphDemoUITests.xctest */ = {isa = PBXFileReference; explicitFileType = wrapper.cfbundle; includeInIndex = 0; path = MyTelusGraphDemoUITests.xctest; sourceTree = BUILT_PRODUCTS_DIR; };
		44BB5FF821CD4F3200C7068A /* MyTelusGraphDemoUITests.swift */ = {isa = PBXFileReference; lastKnownFileType = sourcecode.swift; path = MyTelusGraphDemoUITests.swift; sourceTree = "<group>"; };
		44BB5FFA21CD4F3200C7068A /* Info.plist */ = {isa = PBXFileReference; lastKnownFileType = text.plist.xml; path = Info.plist; sourceTree = "<group>"; };
		44BB600D21CD4FE100C7068A /* HorizontalAxisView.xib */ = {isa = PBXFileReference; fileEncoding = 4; lastKnownFileType = file.xib; path = HorizontalAxisView.xib; sourceTree = "<group>"; };
		44BB600E21CD4FE100C7068A /* GraphView.xib */ = {isa = PBXFileReference; fileEncoding = 4; lastKnownFileType = file.xib; path = GraphView.xib; sourceTree = "<group>"; };
		44BB600F21CD4FE100C7068A /* VerticalAxisView.xib */ = {isa = PBXFileReference; fileEncoding = 4; lastKnownFileType = file.xib; path = VerticalAxisView.xib; sourceTree = "<group>"; };
		44BB601321CD501B00C7068A /* ViewExtensions.swift */ = {isa = PBXFileReference; fileEncoding = 4; lastKnownFileType = sourcecode.swift; path = ViewExtensions.swift; sourceTree = "<group>"; };
		44BB601621CD505400C7068A /* GridView.swift */ = {isa = PBXFileReference; fileEncoding = 4; lastKnownFileType = sourcecode.swift; path = GridView.swift; sourceTree = "<group>"; };
		44BB601721CD505400C7068A /* DrawableView.swift */ = {isa = PBXFileReference; fileEncoding = 4; lastKnownFileType = sourcecode.swift; path = DrawableView.swift; sourceTree = "<group>"; };
		44BB601821CD505500C7068A /* GraphView.swift */ = {isa = PBXFileReference; fileEncoding = 4; lastKnownFileType = sourcecode.swift; path = GraphView.swift; sourceTree = "<group>"; };
		44BB601921CD505500C7068A /* HorizontalAxisView.swift */ = {isa = PBXFileReference; fileEncoding = 4; lastKnownFileType = sourcecode.swift; path = HorizontalAxisView.swift; sourceTree = "<group>"; };
		44BB602121CD513900C7068A /* VerticalAxisView.swift */ = {isa = PBXFileReference; lastKnownFileType = sourcecode.swift; path = VerticalAxisView.swift; sourceTree = "<group>"; };
		44BB602321CD6A2800C7068A /* LineGraph.swift */ = {isa = PBXFileReference; lastKnownFileType = sourcecode.swift; path = LineGraph.swift; sourceTree = "<group>"; };
		44BB602621CD6ACA00C7068A /* LineGraphAxisConfig.swift */ = {isa = PBXFileReference; lastKnownFileType = sourcecode.swift; path = LineGraphAxisConfig.swift; sourceTree = "<group>"; };
		44BB602821CE002F00C7068A /* CustomView.swift */ = {isa = PBXFileReference; lastKnownFileType = sourcecode.swift; path = CustomView.swift; sourceTree = "<group>"; };
		44DEC06821D4A0C50001C7CE /* AxisView.swift */ = {isa = PBXFileReference; lastKnownFileType = sourcecode.swift; path = AxisView.swift; sourceTree = "<group>"; };
		44DEC06B21D4A2230001C7CE /* Enums.swift */ = {isa = PBXFileReference; lastKnownFileType = sourcecode.swift; path = Enums.swift; sourceTree = "<group>"; };
		8A26EBA0893C02570F330A44 /* Pods-MyTelusGraphDemo.debug.xcconfig */ = {isa = PBXFileReference; includeInIndex = 1; lastKnownFileType = text.xcconfig; name = "Pods-MyTelusGraphDemo.debug.xcconfig"; path = "Pods/Target Support Files/Pods-MyTelusGraphDemo/Pods-MyTelusGraphDemo.debug.xcconfig"; sourceTree = "<group>"; };
		9E9584C45930B68DB170794F /* Pods-MyTelusGraphDemo.release.xcconfig */ = {isa = PBXFileReference; includeInIndex = 1; lastKnownFileType = text.xcconfig; name = "Pods-MyTelusGraphDemo.release.xcconfig"; path = "Pods/Target Support Files/Pods-MyTelusGraphDemo/Pods-MyTelusGraphDemo.release.xcconfig"; sourceTree = "<group>"; };
/* End PBXFileReference section */

/* Begin PBXFrameworksBuildPhase section */
		44BB5FD221CD4F3100C7068A /* Frameworks */ = {
			isa = PBXFrameworksBuildPhase;
			buildActionMask = 2147483647;
			files = (
				2D9A16017EA0519E2C9F7466 /* Pods_MyTelusGraphDemo.framework in Frameworks */,
			);
			runOnlyForDeploymentPostprocessing = 0;
		};
		44BB5FE621CD4F3200C7068A /* Frameworks */ = {
			isa = PBXFrameworksBuildPhase;
			buildActionMask = 2147483647;
			files = (
			);
			runOnlyForDeploymentPostprocessing = 0;
		};
		44BB5FF121CD4F3200C7068A /* Frameworks */ = {
			isa = PBXFrameworksBuildPhase;
			buildActionMask = 2147483647;
			files = (
			);
			runOnlyForDeploymentPostprocessing = 0;
		};
/* End PBXFrameworksBuildPhase section */

/* Begin PBXGroup section */
		2C87EBEE5592900D5E236D63 /* Pods */ = {
			isa = PBXGroup;
			children = (
				8A26EBA0893C02570F330A44 /* Pods-MyTelusGraphDemo.debug.xcconfig */,
				9E9584C45930B68DB170794F /* Pods-MyTelusGraphDemo.release.xcconfig */,
			);
			name = Pods;
			sourceTree = "<group>";
		};
		443455F321DFBD7100A91FBF /* ViewControllers */ = {
			isa = PBXGroup;
			children = (
				443455F421DFBD8C00A91FBF /* CustomGraphsViewController.swift */,
				443455F621DFBECD00A91FBF /* LibraryGraphsViewController.swift */,
			);
			path = ViewControllers;
			sourceTree = "<group>";
		};
		443E778321E52B2B008CE962 /* LineGraph */ = {
			isa = PBXGroup;
			children = (
				44BB602321CD6A2800C7068A /* LineGraph.swift */,
				44BB602621CD6ACA00C7068A /* LineGraphAxisConfig.swift */,
				4429438821D5EC6A00DB6804 /* LineGraphData.swift */,
			);
			path = LineGraph;
			sourceTree = "<group>";
		};
		44BB5FCC21CD4F3100C7068A = {
			isa = PBXGroup;
			children = (
				44BB5FD721CD4F3100C7068A /* MyTelusGraphDemo */,
				44BB5FEC21CD4F3200C7068A /* MyTelusGraphDemoTests */,
				44BB5FF721CD4F3200C7068A /* MyTelusGraphDemoUITests */,
				44BB5FD621CD4F3100C7068A /* Products */,
				2C87EBEE5592900D5E236D63 /* Pods */,
				EC6E6514AEDEE87848431F69 /* Frameworks */,
			);
			sourceTree = "<group>";
		};
		44BB5FD621CD4F3100C7068A /* Products */ = {
			isa = PBXGroup;
			children = (
				44BB5FD521CD4F3100C7068A /* MyTelusGraphDemo.app */,
				44BB5FE921CD4F3200C7068A /* MyTelusGraphDemoTests.xctest */,
				44BB5FF421CD4F3200C7068A /* MyTelusGraphDemoUITests.xctest */,
			);
			name = Products;
			sourceTree = "<group>";
		};
		44BB5FD721CD4F3100C7068A /* MyTelusGraphDemo */ = {
			isa = PBXGroup;
			children = (
				443455F321DFBD7100A91FBF /* ViewControllers */,
				44DEC06A21D4A2110001C7CE /* Enums */,
				44DEC06721D4A0A60001C7CE /* Protocols */,
				44BB602521CD6A2E00C7068A /* Models */,
				44BB600C21CD4FE100C7068A /* nibFiles */,
				44BB600921CD4F7000C7068A /* Extensions */,
				44BB600621CD4F5200C7068A /* Views */,
				44BB5FD821CD4F3100C7068A /* AppDelegate.swift */,
				44BB5FDC21CD4F3100C7068A /* Main.storyboard */,
				44BB5FDF21CD4F3200C7068A /* Assets.xcassets */,
				44BB5FE121CD4F3200C7068A /* LaunchScreen.storyboard */,
				44BB5FE421CD4F3200C7068A /* Info.plist */,
			);
			path = MyTelusGraphDemo;
			sourceTree = "<group>";
		};
		44BB5FEC21CD4F3200C7068A /* MyTelusGraphDemoTests */ = {
			isa = PBXGroup;
			children = (
				44BB5FED21CD4F3200C7068A /* MyTelusGraphDemoTests.swift */,
				44BB5FEF21CD4F3200C7068A /* Info.plist */,
			);
			path = MyTelusGraphDemoTests;
			sourceTree = "<group>";
		};
		44BB5FF721CD4F3200C7068A /* MyTelusGraphDemoUITests */ = {
			isa = PBXGroup;
			children = (
				44BB5FF821CD4F3200C7068A /* MyTelusGraphDemoUITests.swift */,
				44BB5FFA21CD4F3200C7068A /* Info.plist */,
			);
			path = MyTelusGraphDemoUITests;
			sourceTree = "<group>";
		};
		44BB600621CD4F5200C7068A /* Views */ = {
			isa = PBXGroup;
			children = (
				44BB602821CE002F00C7068A /* CustomView.swift */,
				44BB601721CD505400C7068A /* DrawableView.swift */,
				44BB601621CD505400C7068A /* GridView.swift */,
				44BB601821CD505500C7068A /* GraphView.swift */,
				44BB601921CD505500C7068A /* HorizontalAxisView.swift */,
				44BB602121CD513900C7068A /* VerticalAxisView.swift */,
				443E778121E4E7C8008CE962 /* MaskingView.swift */,
			);
			path = Views;
			sourceTree = "<group>";
		};
		44BB600921CD4F7000C7068A /* Extensions */ = {
			isa = PBXGroup;
			children = (
				44BB601321CD501B00C7068A /* ViewExtensions.swift */,
			);
			path = Extensions;
			sourceTree = "<group>";
		};
		44BB600C21CD4FE100C7068A /* nibFiles */ = {
			isa = PBXGroup;
			children = (
				44BB600D21CD4FE100C7068A /* HorizontalAxisView.xib */,
				44BB600E21CD4FE100C7068A /* GraphView.xib */,
				44BB600F21CD4FE100C7068A /* VerticalAxisView.xib */,
			);
			path = nibFiles;
			sourceTree = "<group>";
		};
		44BB602521CD6A2E00C7068A /* Models */ = {
			isa = PBXGroup;
			children = (
				443E778321E52B2B008CE962 /* LineGraph */,
			);
			path = Models;
			sourceTree = "<group>";
		};
		44DEC06721D4A0A60001C7CE /* Protocols */ = {
			isa = PBXGroup;
			children = (
				44DEC06821D4A0C50001C7CE /* AxisView.swift */,
			);
			path = Protocols;
			sourceTree = "<group>";
		};
		44DEC06A21D4A2110001C7CE /* Enums */ = {
			isa = PBXGroup;
			children = (
				44DEC06B21D4A2230001C7CE /* Enums.swift */,
			);
			path = Enums;
			sourceTree = "<group>";
		};
		EC6E6514AEDEE87848431F69 /* Frameworks */ = {
			isa = PBXGroup;
			children = (
				1F3DC872192196CC16709355 /* Pods_MyTelusGraphDemo.framework */,
			);
			name = Frameworks;
			sourceTree = "<group>";
		};
/* End PBXGroup section */

/* Begin PBXNativeTarget section */
		44BB5FD421CD4F3100C7068A /* MyTelusGraphDemo */ = {
			isa = PBXNativeTarget;
			buildConfigurationList = 44BB5FFD21CD4F3200C7068A /* Build configuration list for PBXNativeTarget "MyTelusGraphDemo" */;
			buildPhases = (
				5B17D03DF97AECB10EB9DF29 /* [CP] Check Pods Manifest.lock */,
				44BB5FD121CD4F3100C7068A /* Sources */,
				44BB5FD221CD4F3100C7068A /* Frameworks */,
				44BB5FD321CD4F3100C7068A /* Resources */,
				BC42D2FBF27B71F1EBDB20F4 /* [CP] Embed Pods Frameworks */,
			);
			buildRules = (
			);
			dependencies = (
			);
			name = MyTelusGraphDemo;
			productName = MyTelusGraphDemo;
			productReference = 44BB5FD521CD4F3100C7068A /* MyTelusGraphDemo.app */;
			productType = "com.apple.product-type.application";
		};
		44BB5FE821CD4F3200C7068A /* MyTelusGraphDemoTests */ = {
			isa = PBXNativeTarget;
			buildConfigurationList = 44BB600021CD4F3200C7068A /* Build configuration list for PBXNativeTarget "MyTelusGraphDemoTests" */;
			buildPhases = (
				44BB5FE521CD4F3200C7068A /* Sources */,
				44BB5FE621CD4F3200C7068A /* Frameworks */,
				44BB5FE721CD4F3200C7068A /* Resources */,
			);
			buildRules = (
			);
			dependencies = (
				44BB5FEB21CD4F3200C7068A /* PBXTargetDependency */,
			);
			name = MyTelusGraphDemoTests;
			productName = MyTelusGraphDemoTests;
			productReference = 44BB5FE921CD4F3200C7068A /* MyTelusGraphDemoTests.xctest */;
			productType = "com.apple.product-type.bundle.unit-test";
		};
		44BB5FF321CD4F3200C7068A /* MyTelusGraphDemoUITests */ = {
			isa = PBXNativeTarget;
			buildConfigurationList = 44BB600321CD4F3200C7068A /* Build configuration list for PBXNativeTarget "MyTelusGraphDemoUITests" */;
			buildPhases = (
				44BB5FF021CD4F3200C7068A /* Sources */,
				44BB5FF121CD4F3200C7068A /* Frameworks */,
				44BB5FF221CD4F3200C7068A /* Resources */,
			);
			buildRules = (
			);
			dependencies = (
				44BB5FF621CD4F3200C7068A /* PBXTargetDependency */,
			);
			name = MyTelusGraphDemoUITests;
			productName = MyTelusGraphDemoUITests;
			productReference = 44BB5FF421CD4F3200C7068A /* MyTelusGraphDemoUITests.xctest */;
			productType = "com.apple.product-type.bundle.ui-testing";
		};
/* End PBXNativeTarget section */

/* Begin PBXProject section */
		44BB5FCD21CD4F3100C7068A /* Project object */ = {
			isa = PBXProject;
			attributes = {
				LastSwiftUpdateCheck = 1010;
				LastUpgradeCheck = 1010;
				ORGANIZATIONNAME = Pato;
				TargetAttributes = {
					44BB5FD421CD4F3100C7068A = {
						CreatedOnToolsVersion = 10.1;
					};
					44BB5FE821CD4F3200C7068A = {
						CreatedOnToolsVersion = 10.1;
						TestTargetID = 44BB5FD421CD4F3100C7068A;
					};
					44BB5FF321CD4F3200C7068A = {
						CreatedOnToolsVersion = 10.1;
						TestTargetID = 44BB5FD421CD4F3100C7068A;
					};
				};
			};
			buildConfigurationList = 44BB5FD021CD4F3100C7068A /* Build configuration list for PBXProject "MyTelusGraphDemo" */;
			compatibilityVersion = "Xcode 9.3";
			developmentRegion = en;
			hasScannedForEncodings = 0;
			knownRegions = (
				en,
				Base,
			);
			mainGroup = 44BB5FCC21CD4F3100C7068A;
			productRefGroup = 44BB5FD621CD4F3100C7068A /* Products */;
			projectDirPath = "";
			projectRoot = "";
			targets = (
				44BB5FD421CD4F3100C7068A /* MyTelusGraphDemo */,
				44BB5FE821CD4F3200C7068A /* MyTelusGraphDemoTests */,
				44BB5FF321CD4F3200C7068A /* MyTelusGraphDemoUITests */,
			);
		};
/* End PBXProject section */

/* Begin PBXResourcesBuildPhase section */
		44BB5FD321CD4F3100C7068A /* Resources */ = {
			isa = PBXResourcesBuildPhase;
			buildActionMask = 2147483647;
			files = (
				44BB5FE321CD4F3200C7068A /* LaunchScreen.storyboard in Resources */,
				44BB601221CD4FE100C7068A /* VerticalAxisView.xib in Resources */,
				44BB5FE021CD4F3200C7068A /* Assets.xcassets in Resources */,
				44BB601021CD4FE100C7068A /* HorizontalAxisView.xib in Resources */,
				44BB5FDE21CD4F3100C7068A /* Main.storyboard in Resources */,
				44BB601121CD4FE100C7068A /* GraphView.xib in Resources */,
			);
			runOnlyForDeploymentPostprocessing = 0;
		};
		44BB5FE721CD4F3200C7068A /* Resources */ = {
			isa = PBXResourcesBuildPhase;
			buildActionMask = 2147483647;
			files = (
			);
			runOnlyForDeploymentPostprocessing = 0;
		};
		44BB5FF221CD4F3200C7068A /* Resources */ = {
			isa = PBXResourcesBuildPhase;
			buildActionMask = 2147483647;
			files = (
			);
			runOnlyForDeploymentPostprocessing = 0;
		};
/* End PBXResourcesBuildPhase section */

/* Begin PBXShellScriptBuildPhase section */
		5B17D03DF97AECB10EB9DF29 /* [CP] Check Pods Manifest.lock */ = {
			isa = PBXShellScriptBuildPhase;
			buildActionMask = 2147483647;
			files = (
			);
			inputFileListPaths = (
			);
			inputPaths = (
				"${PODS_PODFILE_DIR_PATH}/Podfile.lock",
				"${PODS_ROOT}/Manifest.lock",
			);
			name = "[CP] Check Pods Manifest.lock";
			outputFileListPaths = (
			);
			outputPaths = (
				"$(DERIVED_FILE_DIR)/Pods-MyTelusGraphDemo-checkManifestLockResult.txt",
			);
			runOnlyForDeploymentPostprocessing = 0;
			shellPath = /bin/sh;
			shellScript = "diff \"${PODS_PODFILE_DIR_PATH}/Podfile.lock\" \"${PODS_ROOT}/Manifest.lock\" > /dev/null\nif [ $? != 0 ] ; then\n    # print error to STDERR\n    echo \"error: The sandbox is not in sync with the Podfile.lock. Run 'pod install' or update your CocoaPods installation.\" >&2\n    exit 1\nfi\n# This output is used by Xcode 'outputs' to avoid re-running this script phase.\necho \"SUCCESS\" > \"${SCRIPT_OUTPUT_FILE_0}\"\n";
			showEnvVarsInLog = 0;
		};
		BC42D2FBF27B71F1EBDB20F4 /* [CP] Embed Pods Frameworks */ = {
			isa = PBXShellScriptBuildPhase;
			buildActionMask = 2147483647;
			files = (
			);
			inputFileListPaths = (
			);
			inputPaths = (
				"${SRCROOT}/Pods/Target Support Files/Pods-MyTelusGraphDemo/Pods-MyTelusGraphDemo-frameworks.sh",
				"${BUILT_PRODUCTS_DIR}/Charts/Charts.framework",
			);
			name = "[CP] Embed Pods Frameworks";
			outputFileListPaths = (
			);
			outputPaths = (
				"${TARGET_BUILD_DIR}/${FRAMEWORKS_FOLDER_PATH}/Charts.framework",
			);
			runOnlyForDeploymentPostprocessing = 0;
			shellPath = /bin/sh;
			shellScript = "\"${SRCROOT}/Pods/Target Support Files/Pods-MyTelusGraphDemo/Pods-MyTelusGraphDemo-frameworks.sh\"\n";
			showEnvVarsInLog = 0;
		};
/* End PBXShellScriptBuildPhase section */

/* Begin PBXSourcesBuildPhase section */
		44BB5FD121CD4F3100C7068A /* Sources */ = {
			isa = PBXSourcesBuildPhase;
			buildActionMask = 2147483647;
			files = (
				443E778421E52BDF008CE962 /* LineGraph.swift in Sources */,
				44BB601D21CD505500C7068A /* DrawableView.swift in Sources */,
				443E778221E4E7C8008CE962 /* MaskingView.swift in Sources */,
				44DEC06921D4A0C50001C7CE /* AxisView.swift in Sources */,
				443455F521DFBD8C00A91FBF /* CustomGraphsViewController.swift in Sources */,
				44BB602721CD6ACA00C7068A /* LineGraphAxisConfig.swift in Sources */,
				44BB602221CD513900C7068A /* VerticalAxisView.swift in Sources */,
				4429438921D5EC6A00DB6804 /* LineGraphData.swift in Sources */,
				44BB601E21CD505500C7068A /* GraphView.swift in Sources */,
				44DEC06C21D4A2230001C7CE /* Enums.swift in Sources */,
				44BB602921CE002F00C7068A /* CustomView.swift in Sources */,
				44BB601421CD501B00C7068A /* ViewExtensions.swift in Sources */,
				44BB601C21CD505500C7068A /* GridView.swift in Sources */,
				44BB5FD921CD4F3100C7068A /* AppDelegate.swift in Sources */,
				44BB601F21CD505500C7068A /* HorizontalAxisView.swift in Sources */,
				443455F721DFBECD00A91FBF /* LibraryGraphsViewController.swift in Sources */,
			);
			runOnlyForDeploymentPostprocessing = 0;
		};
		44BB5FE521CD4F3200C7068A /* Sources */ = {
			isa = PBXSourcesBuildPhase;
			buildActionMask = 2147483647;
			files = (
				44BB5FEE21CD4F3200C7068A /* MyTelusGraphDemoTests.swift in Sources */,
			);
			runOnlyForDeploymentPostprocessing = 0;
		};
		44BB5FF021CD4F3200C7068A /* Sources */ = {
			isa = PBXSourcesBuildPhase;
			buildActionMask = 2147483647;
			files = (
				44BB5FF921CD4F3200C7068A /* MyTelusGraphDemoUITests.swift in Sources */,
			);
			runOnlyForDeploymentPostprocessing = 0;
		};
/* End PBXSourcesBuildPhase section */

/* Begin PBXTargetDependency section */
		44BB5FEB21CD4F3200C7068A /* PBXTargetDependency */ = {
			isa = PBXTargetDependency;
			target = 44BB5FD421CD4F3100C7068A /* MyTelusGraphDemo */;
			targetProxy = 44BB5FEA21CD4F3200C7068A /* PBXContainerItemProxy */;
		};
		44BB5FF621CD4F3200C7068A /* PBXTargetDependency */ = {
			isa = PBXTargetDependency;
			target = 44BB5FD421CD4F3100C7068A /* MyTelusGraphDemo */;
			targetProxy = 44BB5FF521CD4F3200C7068A /* PBXContainerItemProxy */;
		};
/* End PBXTargetDependency section */

/* Begin PBXVariantGroup section */
		44BB5FDC21CD4F3100C7068A /* Main.storyboard */ = {
			isa = PBXVariantGroup;
			children = (
				44BB5FDD21CD4F3100C7068A /* Base */,
			);
			name = Main.storyboard;
			sourceTree = "<group>";
		};
		44BB5FE121CD4F3200C7068A /* LaunchScreen.storyboard */ = {
			isa = PBXVariantGroup;
			children = (
				44BB5FE221CD4F3200C7068A /* Base */,
			);
			name = LaunchScreen.storyboard;
			sourceTree = "<group>";
		};
/* End PBXVariantGroup section */

/* Begin XCBuildConfiguration section */
		44BB5FFB21CD4F3200C7068A /* Debug */ = {
			isa = XCBuildConfiguration;
			buildSettings = {
				ALWAYS_SEARCH_USER_PATHS = NO;
				CLANG_ANALYZER_NONNULL = YES;
				CLANG_ANALYZER_NUMBER_OBJECT_CONVERSION = YES_AGGRESSIVE;
				CLANG_CXX_LANGUAGE_STANDARD = "gnu++14";
				CLANG_CXX_LIBRARY = "libc++";
				CLANG_ENABLE_MODULES = YES;
				CLANG_ENABLE_OBJC_ARC = YES;
				CLANG_ENABLE_OBJC_WEAK = YES;
				CLANG_WARN_BLOCK_CAPTURE_AUTORELEASING = YES;
				CLANG_WARN_BOOL_CONVERSION = YES;
				CLANG_WARN_COMMA = YES;
				CLANG_WARN_CONSTANT_CONVERSION = YES;
				CLANG_WARN_DEPRECATED_OBJC_IMPLEMENTATIONS = YES;
				CLANG_WARN_DIRECT_OBJC_ISA_USAGE = YES_ERROR;
				CLANG_WARN_DOCUMENTATION_COMMENTS = YES;
				CLANG_WARN_EMPTY_BODY = YES;
				CLANG_WARN_ENUM_CONVERSION = YES;
				CLANG_WARN_INFINITE_RECURSION = YES;
				CLANG_WARN_INT_CONVERSION = YES;
				CLANG_WARN_NON_LITERAL_NULL_CONVERSION = YES;
				CLANG_WARN_OBJC_IMPLICIT_RETAIN_SELF = YES;
				CLANG_WARN_OBJC_LITERAL_CONVERSION = YES;
				CLANG_WARN_OBJC_ROOT_CLASS = YES_ERROR;
				CLANG_WARN_RANGE_LOOP_ANALYSIS = YES;
				CLANG_WARN_STRICT_PROTOTYPES = YES;
				CLANG_WARN_SUSPICIOUS_MOVE = YES;
				CLANG_WARN_UNGUARDED_AVAILABILITY = YES_AGGRESSIVE;
				CLANG_WARN_UNREACHABLE_CODE = YES;
				CLANG_WARN__DUPLICATE_METHOD_MATCH = YES;
				CODE_SIGN_IDENTITY = "iPhone Developer";
				COPY_PHASE_STRIP = NO;
				DEBUG_INFORMATION_FORMAT = dwarf;
				ENABLE_STRICT_OBJC_MSGSEND = YES;
				ENABLE_TESTABILITY = YES;
				GCC_C_LANGUAGE_STANDARD = gnu11;
				GCC_DYNAMIC_NO_PIC = NO;
				GCC_NO_COMMON_BLOCKS = YES;
				GCC_OPTIMIZATION_LEVEL = 0;
				GCC_PREPROCESSOR_DEFINITIONS = (
					"DEBUG=1",
					"$(inherited)",
				);
				GCC_WARN_64_TO_32_BIT_CONVERSION = YES;
				GCC_WARN_ABOUT_RETURN_TYPE = YES_ERROR;
				GCC_WARN_UNDECLARED_SELECTOR = YES;
				GCC_WARN_UNINITIALIZED_AUTOS = YES_AGGRESSIVE;
				GCC_WARN_UNUSED_FUNCTION = YES;
				GCC_WARN_UNUSED_VARIABLE = YES;
				IPHONEOS_DEPLOYMENT_TARGET = 12.1;
				MTL_ENABLE_DEBUG_INFO = INCLUDE_SOURCE;
				MTL_FAST_MATH = YES;
				ONLY_ACTIVE_ARCH = YES;
				SDKROOT = iphoneos;
				SWIFT_ACTIVE_COMPILATION_CONDITIONS = DEBUG;
				SWIFT_OPTIMIZATION_LEVEL = "-Onone";
			};
			name = Debug;
		};
		44BB5FFC21CD4F3200C7068A /* Release */ = {
			isa = XCBuildConfiguration;
			buildSettings = {
				ALWAYS_SEARCH_USER_PATHS = NO;
				CLANG_ANALYZER_NONNULL = YES;
				CLANG_ANALYZER_NUMBER_OBJECT_CONVERSION = YES_AGGRESSIVE;
				CLANG_CXX_LANGUAGE_STANDARD = "gnu++14";
				CLANG_CXX_LIBRARY = "libc++";
				CLANG_ENABLE_MODULES = YES;
				CLANG_ENABLE_OBJC_ARC = YES;
				CLANG_ENABLE_OBJC_WEAK = YES;
				CLANG_WARN_BLOCK_CAPTURE_AUTORELEASING = YES;
				CLANG_WARN_BOOL_CONVERSION = YES;
				CLANG_WARN_COMMA = YES;
				CLANG_WARN_CONSTANT_CONVERSION = YES;
				CLANG_WARN_DEPRECATED_OBJC_IMPLEMENTATIONS = YES;
				CLANG_WARN_DIRECT_OBJC_ISA_USAGE = YES_ERROR;
				CLANG_WARN_DOCUMENTATION_COMMENTS = YES;
				CLANG_WARN_EMPTY_BODY = YES;
				CLANG_WARN_ENUM_CONVERSION = YES;
				CLANG_WARN_INFINITE_RECURSION = YES;
				CLANG_WARN_INT_CONVERSION = YES;
				CLANG_WARN_NON_LITERAL_NULL_CONVERSION = YES;
				CLANG_WARN_OBJC_IMPLICIT_RETAIN_SELF = YES;
				CLANG_WARN_OBJC_LITERAL_CONVERSION = YES;
				CLANG_WARN_OBJC_ROOT_CLASS = YES_ERROR;
				CLANG_WARN_RANGE_LOOP_ANALYSIS = YES;
				CLANG_WARN_STRICT_PROTOTYPES = YES;
				CLANG_WARN_SUSPICIOUS_MOVE = YES;
				CLANG_WARN_UNGUARDED_AVAILABILITY = YES_AGGRESSIVE;
				CLANG_WARN_UNREACHABLE_CODE = YES;
				CLANG_WARN__DUPLICATE_METHOD_MATCH = YES;
				CODE_SIGN_IDENTITY = "iPhone Developer";
				COPY_PHASE_STRIP = NO;
				DEBUG_INFORMATION_FORMAT = "dwarf-with-dsym";
				ENABLE_NS_ASSERTIONS = NO;
				ENABLE_STRICT_OBJC_MSGSEND = YES;
				GCC_C_LANGUAGE_STANDARD = gnu11;
				GCC_NO_COMMON_BLOCKS = YES;
				GCC_WARN_64_TO_32_BIT_CONVERSION = YES;
				GCC_WARN_ABOUT_RETURN_TYPE = YES_ERROR;
				GCC_WARN_UNDECLARED_SELECTOR = YES;
				GCC_WARN_UNINITIALIZED_AUTOS = YES_AGGRESSIVE;
				GCC_WARN_UNUSED_FUNCTION = YES;
				GCC_WARN_UNUSED_VARIABLE = YES;
				IPHONEOS_DEPLOYMENT_TARGET = 12.1;
				MTL_ENABLE_DEBUG_INFO = NO;
				MTL_FAST_MATH = YES;
				SDKROOT = iphoneos;
				SWIFT_COMPILATION_MODE = wholemodule;
				SWIFT_OPTIMIZATION_LEVEL = "-O";
				VALIDATE_PRODUCT = YES;
			};
			name = Release;
		};
		44BB5FFE21CD4F3200C7068A /* Debug */ = {
			isa = XCBuildConfiguration;
			baseConfigurationReference = 8A26EBA0893C02570F330A44 /* Pods-MyTelusGraphDemo.debug.xcconfig */;
			buildSettings = {
				ASSETCATALOG_COMPILER_APPICON_NAME = AppIcon;
				CODE_SIGN_STYLE = Automatic;
				DEVELOPMENT_TEAM = 5JE9G6BWLL;
				INFOPLIST_FILE = MyTelusGraphDemo/Info.plist;
				LD_RUNPATH_SEARCH_PATHS = (
					"$(inherited)",
					"@executable_path/Frameworks",
				);
				PRODUCT_BUNDLE_IDENTIFIER = patoOrg.MyTelusGraphDemo;
				PRODUCT_NAME = "$(TARGET_NAME)";
				SWIFT_VERSION = 4.2;
				TARGETED_DEVICE_FAMILY = "1,2";
			};
			name = Debug;
		};
		44BB5FFF21CD4F3200C7068A /* Release */ = {
			isa = XCBuildConfiguration;
			baseConfigurationReference = 9E9584C45930B68DB170794F /* Pods-MyTelusGraphDemo.release.xcconfig */;
			buildSettings = {
				ASSETCATALOG_COMPILER_APPICON_NAME = AppIcon;
				CODE_SIGN_STYLE = Automatic;
				DEVELOPMENT_TEAM = 5JE9G6BWLL;
				INFOPLIST_FILE = MyTelusGraphDemo/Info.plist;
				LD_RUNPATH_SEARCH_PATHS = (
					"$(inherited)",
					"@executable_path/Frameworks",
				);
				PRODUCT_BUNDLE_IDENTIFIER = patoOrg.MyTelusGraphDemo;
				PRODUCT_NAME = "$(TARGET_NAME)";
				SWIFT_VERSION = 4.2;
				TARGETED_DEVICE_FAMILY = "1,2";
			};
			name = Release;
		};
		44BB600121CD4F3200C7068A /* Debug */ = {
			isa = XCBuildConfiguration;
			buildSettings = {
				ALWAYS_EMBED_SWIFT_STANDARD_LIBRARIES = YES;
				BUNDLE_LOADER = "$(TEST_HOST)";
				CODE_SIGN_STYLE = Automatic;
				DEVELOPMENT_TEAM = 5JE9G6BWLL;
				INFOPLIST_FILE = MyTelusGraphDemoTests/Info.plist;
				LD_RUNPATH_SEARCH_PATHS = (
					"$(inherited)",
					"@executable_path/Frameworks",
					"@loader_path/Frameworks",
				);
				PRODUCT_BUNDLE_IDENTIFIER = patoOrg.MyTelusGraphDemoTests;
				PRODUCT_NAME = "$(TARGET_NAME)";
				SWIFT_VERSION = 4.2;
				TARGETED_DEVICE_FAMILY = "1,2";
				TEST_HOST = "$(BUILT_PRODUCTS_DIR)/MyTelusGraphDemo.app/MyTelusGraphDemo";
			};
			name = Debug;
		};
		44BB600221CD4F3200C7068A /* Release */ = {
			isa = XCBuildConfiguration;
			buildSettings = {
				ALWAYS_EMBED_SWIFT_STANDARD_LIBRARIES = YES;
				BUNDLE_LOADER = "$(TEST_HOST)";
				CODE_SIGN_STYLE = Automatic;
				DEVELOPMENT_TEAM = 5JE9G6BWLL;
				INFOPLIST_FILE = MyTelusGraphDemoTests/Info.plist;
				LD_RUNPATH_SEARCH_PATHS = (
					"$(inherited)",
					"@executable_path/Frameworks",
					"@loader_path/Frameworks",
				);
				PRODUCT_BUNDLE_IDENTIFIER = patoOrg.MyTelusGraphDemoTests;
				PRODUCT_NAME = "$(TARGET_NAME)";
				SWIFT_VERSION = 4.2;
				TARGETED_DEVICE_FAMILY = "1,2";
				TEST_HOST = "$(BUILT_PRODUCTS_DIR)/MyTelusGraphDemo.app/MyTelusGraphDemo";
			};
			name = Release;
		};
		44BB600421CD4F3200C7068A /* Debug */ = {
			isa = XCBuildConfiguration;
			buildSettings = {
				ALWAYS_EMBED_SWIFT_STANDARD_LIBRARIES = YES;
				CODE_SIGN_STYLE = Automatic;
				DEVELOPMENT_TEAM = 5JE9G6BWLL;
				INFOPLIST_FILE = MyTelusGraphDemoUITests/Info.plist;
				LD_RUNPATH_SEARCH_PATHS = (
					"$(inherited)",
					"@executable_path/Frameworks",
					"@loader_path/Frameworks",
				);
				PRODUCT_BUNDLE_IDENTIFIER = patoOrg.MyTelusGraphDemoUITests;
				PRODUCT_NAME = "$(TARGET_NAME)";
				SWIFT_VERSION = 4.2;
				TARGETED_DEVICE_FAMILY = "1,2";
				TEST_TARGET_NAME = MyTelusGraphDemo;
			};
			name = Debug;
		};
		44BB600521CD4F3200C7068A /* Release */ = {
			isa = XCBuildConfiguration;
			buildSettings = {
				ALWAYS_EMBED_SWIFT_STANDARD_LIBRARIES = YES;
				CODE_SIGN_STYLE = Automatic;
				DEVELOPMENT_TEAM = 5JE9G6BWLL;
				INFOPLIST_FILE = MyTelusGraphDemoUITests/Info.plist;
				LD_RUNPATH_SEARCH_PATHS = (
					"$(inherited)",
					"@executable_path/Frameworks",
					"@loader_path/Frameworks",
				);
				PRODUCT_BUNDLE_IDENTIFIER = patoOrg.MyTelusGraphDemoUITests;
				PRODUCT_NAME = "$(TARGET_NAME)";
				SWIFT_VERSION = 4.2;
				TARGETED_DEVICE_FAMILY = "1,2";
				TEST_TARGET_NAME = MyTelusGraphDemo;
			};
			name = Release;
		};
/* End XCBuildConfiguration section */

/* Begin XCConfigurationList section */
		44BB5FD021CD4F3100C7068A /* Build configuration list for PBXProject "MyTelusGraphDemo" */ = {
			isa = XCConfigurationList;
			buildConfigurations = (
				44BB5FFB21CD4F3200C7068A /* Debug */,
				44BB5FFC21CD4F3200C7068A /* Release */,
			);
			defaultConfigurationIsVisible = 0;
			defaultConfigurationName = Release;
		};
		44BB5FFD21CD4F3200C7068A /* Build configuration list for PBXNativeTarget "MyTelusGraphDemo" */ = {
			isa = XCConfigurationList;
			buildConfigurations = (
				44BB5FFE21CD4F3200C7068A /* Debug */,
				44BB5FFF21CD4F3200C7068A /* Release */,
			);
			defaultConfigurationIsVisible = 0;
			defaultConfigurationName = Release;
		};
		44BB600021CD4F3200C7068A /* Build configuration list for PBXNativeTarget "MyTelusGraphDemoTests" */ = {
			isa = XCConfigurationList;
			buildConfigurations = (
				44BB600121CD4F3200C7068A /* Debug */,
				44BB600221CD4F3200C7068A /* Release */,
			);
			defaultConfigurationIsVisible = 0;
			defaultConfigurationName = Release;
		};
		44BB600321CD4F3200C7068A /* Build configuration list for PBXNativeTarget "MyTelusGraphDemoUITests" */ = {
			isa = XCConfigurationList;
			buildConfigurations = (
				44BB600421CD4F3200C7068A /* Debug */,
				44BB600521CD4F3200C7068A /* Release */,
			);
			defaultConfigurationIsVisible = 0;
			defaultConfigurationName = Release;
		};
/* End XCConfigurationList section */
	};
	rootObject = 44BB5FCD21CD4F3100C7068A /* Project object */;
}
